%{
  "aph": {:git, "https://github.com/squillo/aph.git", "9b94ec13b7a5ada079e661e068734736e20ae9eb", [subdir: "interpreters/elixir", ref: "9b94ec13b7a5ada079e661e068734736e20ae9eb"]},
  "crontab": {:hex, :crontab, "1.2.0", "503611820257939d5d0fd272eb2b454f48a470435a809479ddc2c40bb515495c", [:mix], [{:ecto, "~> 1.0 or ~> 2.0 or ~> 3.0", [hex: :ecto, repo: "hexpm", optional: true]}], "hexpm", "ebd7ef4d831e1b20fa4700f0de0284a04cac4347e813337978e25b4cc5cc2207"},
  "fuse": {:hex, :fuse, "2.5.0", "71afa90be21da4e64f94abba9d36472faa2d799c67fedc3bd1752a88ea4c4753", [:rebar3], [], "hexpm", "7f52a1c84571731ad3c91d569e03131cc220ebaa7e2a11034405f0bac46a4fef"},
  "jason": {:hex, :jason, "1.4.5", "2e3a008590b0b8d7388c20293e9dcc9cf3e5d642fd2a114e4cbbb52e595d940a", [:mix], [{:decimal, "~> 1.0 or ~> 2.0 or ~> 3.0", [hex: :decimal, repo: "hexpm", optional: true]}], "hexpm", "b0c823996102bcd0239b3c2444eb00409b72f6a140c1950bc8b457d836b30684"},
  "jido": {:hex, :jido, "2.3.3", "ee4b61e0c08e073c1bda15fd937851a17a5f846fba767759f4772ad31a42d5df", [:mix], [{:crontab, "~> 1.2", [hex: :crontab, repo: "hexpm", optional: false]}, {:igniter, "~> 0.7", [hex: :igniter, repo: "hexpm", optional: true]}, {:jido_action, "~> 2.3", [hex: :jido_action, repo: "hexpm", optional: false]}, {:jido_signal, "~> 2.2", [hex: :jido_signal, repo: "hexpm", optional: false]}, {:nimble_options, "~> 1.1", [hex: :nimble_options, repo: "hexpm", optional: false]}, {:poolboy, "~> 1.5", [hex: :poolboy, repo: "hexpm", optional: false]}, {:splode, "~> 0.3.0", [hex: :splode, repo: "hexpm", optional: false]}, {:telemetry, "~> 1.3", [hex: :telemetry, repo: "hexpm", optional: false]}, {:telemetry_metrics, "~> 1.1", [hex: :telemetry_metrics, repo: "hexpm", optional: false]}, {:time_zone_info, "~> 0.7", [hex: :time_zone_info, repo: "hexpm", optional: false]}], "hexpm", "efed04440117d30c2d5bf75cc4feb9f41144862a6fb54c729c0add04590caaba"},
  "jido_action": {:hex, :jido_action, "2.3.2", "e52bc949db4dedff523850172555629b29ffaa11fec162e728d5b7e43e7235d5", [:mix], [{:igniter, "~> 0.7", [hex: :igniter, repo: "hexpm", optional: true]}, {:jason, "~> 1.4", [hex: :jason, repo: "hexpm", optional: false]}, {:lua, "~> 0.4 or ~> 1.0.0-rc", [hex: :lua, repo: "hexpm", optional: true]}, {:multigraph, "~> 0.16.1-mg.3", [hex: :multigraph, repo: "hexpm", optional: false]}, {:nimble_options, "~> 1.1", [hex: :nimble_options, repo: "hexpm", optional: false]}, {:req, "~> 0.7.2", [hex: :req, repo: "hexpm", optional: true]}, {:splode, "~> 0.3.0", [hex: :splode, repo: "hexpm", optional: false]}, {:telemetry, "~> 1.3", [hex: :telemetry, repo: "hexpm", optional: false]}, {:zoi, "~> 0.17", [hex: :zoi, repo: "hexpm", optional: false]}], "hexpm", "e6e222e5c8da489de36d637930628d56fb898b072a17cd467d27bf4f5ecb63e4"},
  "jido_signal": {:hex, :jido_signal, "2.2.2", "419a1c0f26e86cf53b73d37ffc6200bd534d7d98048606e36d5e9a19191bf987", [:mix], [{:fuse, "~> 2.5", [hex: :fuse, repo: "hexpm", optional: false]}, {:igniter, "~> 0.7", [hex: :igniter, repo: "hexpm", optional: true]}, {:jason, "~> 1.4", [hex: :jason, repo: "hexpm", optional: false]}, {:msgpax, "~> 2.3", [hex: :msgpax, repo: "hexpm", optional: true]}, {:nimble_options, "~> 1.1", [hex: :nimble_options, repo: "hexpm", optional: false]}, {:phoenix_pubsub, "~> 2.1", [hex: :phoenix_pubsub, repo: "hexpm", optional: true]}, {:splode, "~> 0.3.0", [hex: :splode, repo: "hexpm", optional: false]}, {:telemetry, "~> 1.3", [hex: :telemetry, repo: "hexpm", optional: false]}, {:zoi, "~> 0.18.1", [hex: :zoi, repo: "hexpm", optional: false]}], "hexpm", "60c35f022e6efd379b84a3f5c0af10b2ae5213f3d61c6211a299bc6dcc4be531"},
  "mix_audit": {:hex, :mix_audit, "2.1.5", "c0f77cee6b4ef9d97e37772359a187a166c7a1e0e08b50edf5bf6959dfe5a016", [:make, :mix], [{:jason, "~> 1.4", [hex: :jason, repo: "hexpm", optional: false]}, {:yaml_elixir, "~> 2.11", [hex: :yaml_elixir, repo: "hexpm", optional: false]}], "hexpm", "87f9298e21da32f697af535475860dc1d3617a010e0b418d2ec6142bc8b42d69"},
  "multigraph": {:hex, :multigraph, "0.16.1-mg.4", "2bbe149f5411b0e3bf0624c7bf2e3da2738efeac2f9a67bbbcb807ab171f0a76", [:mix], [], "hexpm", "b9f3e2577cef4658eeedf97c76d22a86d33a7aab702a93c1da9c122e849e9037"},
  "nimble_options": {:hex, :nimble_options, "1.1.1", "e3a492d54d85fc3fd7c5baf411d9d2852922f66e69476317787a7b2bb000a61b", [:mix], [], "hexpm", "821b2470ca9442c4b6984882fe9bb0389371b8ddec4d45a9504f00a66f650b44"},
  "nimble_parsec": {:hex, :nimble_parsec, "1.4.2", "8efba0122db06df95bfaa78f791344a89352ba04baedd3849593bfce4d0dc1c6", [:mix], [], "hexpm", "4b21398942dda052b403bbe1da991ccd03a053668d147d53fb8c4e0efe09c973"},
  "poolboy": {:hex, :poolboy, "1.5.2", "392b007a1693a64540cead79830443abf5762f5d30cf50bc95cb2c1aaafa006b", [:rebar3], [], "hexpm", "dad79704ce5440f3d5a3681c8590b9dc25d1a561e8f5a9c995281012860901e3"},
  "rustler": {:hex, :rustler, "0.30.0", "cefc49922132b072853fa9b0ca4dc2ffcb452f68fb73b779042b02d545e097fb", [:mix], [{:jason, "~> 1.0", [hex: :jason, repo: "hexpm", optional: false]}, {:toml, "~> 0.6", [hex: :toml, repo: "hexpm", optional: false]}], "hexpm", "9ef1abb6a7dda35c47cfc649e6a5a61663af6cf842a55814a554a84607dee389"},
  "splode": {:hex, :splode, "0.3.2", "7716b6b2260a98a6f018c65cc0393da2cdf17314202eb351a0956e8762190dff", [:mix], [], "hexpm", "08fd658f80da7f1cd254b149164dcff8acd44b22f032001d5416b97223d32bc9"},
  "telemetry": {:hex, :telemetry, "1.4.2", "a0cb522801dffb1c49fe6e30561badffc7b6d0e180db1300df759faa22062855", [:rebar3], [], "hexpm", "928f6495066506077862c0d1646609eed891a4326bee3126ba54b60af61febb1"},
  "telemetry_metrics": {:hex, :telemetry_metrics, "1.2.0", "7632c19c01d88d8aaca5da1a0e8912f5af39b79e7c08a2c253aeb3c14c2c957e", [:mix], [{:telemetry, "~> 0.4 or ~> 1.0", [hex: :telemetry, repo: "hexpm", optional: false]}], "hexpm", "71dde12fc29b58b9c77ec17ec319109e5ca848d010fc1965ed4463bba1837c07"},
  "time_zone_info": {:hex, :time_zone_info, "0.7.15", "0a20991d6dd728dab4e281f128cf99a312330eeb9313524d8d9ff117743bf0f4", [:mix], [{:castore, "~> 1.0", [hex: :castore, repo: "hexpm", optional: true]}, {:mint, "~> 1.0", [hex: :mint, repo: "hexpm", optional: true]}, {:nimble_parsec, "~> 1.3", [hex: :nimble_parsec, repo: "hexpm", optional: false]}], "hexpm", "c62f0a98e4ffd3e39848a429123681e55c79d1782396c0d2dd35fe27ce648b3c"},
  "toml": {:hex, :toml, "0.7.0", "fbcd773caa937d0c7a02c301a1feea25612720ac3fa1ccb8bfd9d30d822911de", [:mix], [], "hexpm", "0690246a2478c1defd100b0c9b89b4ea280a22be9a7b313a8a058a2408a2fa70"},
  "yamerl": {:hex, :yamerl, "0.10.0", "4ff81fee2f1f6a46f1700c0d880b24d193ddb74bd14ef42cb0bcf46e81ef2f8e", [:rebar3], [], "hexpm", "346adb2963f1051dc837a2364e4acf6eb7d80097c0f53cbdc3046ec8ec4b4e6e"},
  "yaml_elixir": {:hex, :yaml_elixir, "2.12.2", "9dd1330fb4cd9a36a7b0f502e5b12486eff632792ee4a5f0eba52a4d4ec32c9c", [:mix], [{:yamerl, "~> 0.10", [hex: :yamerl, repo: "hexpm", optional: false]}], "hexpm", "e7c1b10122f973e6558462d51c39026ba0e14afbc6745318e990ea82cfe9e159"},
  "zoi": {:hex, :zoi, "0.18.7", "0d6b09d19fd1feff4340b7c5660bab04fbc80c1642ee1e5c75f06d527ac326db", [:mix], [{:decimal, "~> 2.0 or ~> 3.0", [hex: :decimal, repo: "hexpm", optional: true]}, {:phoenix_html, "~> 2.14.2 or ~> 3.0 or ~> 4.1", [hex: :phoenix_html, repo: "hexpm", optional: true]}], "hexpm", "5fedddd755dec84a5e78b3671070a5e595026aa3479f7fa566a42b8c4e4e5ff2"},
}
